// !$*UTF8*$!
{
	archiveVersion = 1;
	classes = {
	};
	objectVersion = 44;
	objects = {

/* Begin PBXBuildFile section */
		682296640FFC158100223DB8 /* AWin32Window.cpp in Sources */ = {isa = PBXBuildFile; fileRef = 682296630FFC158100223DB8 /* AWin32Window.cpp */; };
		682DCBB90FFAAA9E00E8F17C /* RGrDevice.cpp in Sources */ = {isa = PBXBuildFile; fileRef = 682DCBB80FFAAA9E00E8F17C /* RGrDevice.cpp */; };
		687A31EE0FAA71D500EAF459 /* R.framework in Frameworks */ = {isa = PBXBuildFile; fileRef = 687A31ED0FAA71D500EAF459 /* R.framework */; };
		687CA2580FB06D7E00D249DB /* REngine.cpp in Sources */ = {isa = PBXBuildFile; fileRef = 687CA2570FB06D7E00D249DB /* REngine.cpp */; };
		687EE55D0D79D281003E56F9 /* AContainer.cpp in Sources */ = {isa = PBXBuildFile; fileRef = 687EE55C0D79D281003E56F9 /* AContainer.cpp */; };
		687EE6730D7A485B003E56F9 /* AObject.cpp in Sources */ = {isa = PBXBuildFile; fileRef = 687EE6720D7A485B003E56F9 /* AObject.cpp */; };
		688A31990FC16E7B00532F79 /* RCalls.cpp in Sources */ = {isa = PBXBuildFile; fileRef = 688A31980FC16E7B00532F79 /* RCalls.cpp */; };
		689250C50F2A25CB00842A4B /* GLString.m in Sources */ = {isa = PBXBuildFile; fileRef = 689250C40F2A25CB00842A4B /* GLString.m */; };
		68BF1BC50D79C43A0095B772 /* CocoaApp.mm in Sources */ = {isa = PBXBuildFile; fileRef = 68BF1BC20D79C43A0095B772 /* CocoaApp.mm */; };
		68BF1BC60D79C43A0095B772 /* CocoaView.mm in Sources */ = {isa = PBXBuildFile; fileRef = 68BF1BC40D79C43A0095B772 /* CocoaView.mm */; };
		68BF1BCC0D79C5DB0095B772 /* MainMenu.xib in Resources */ = {isa = PBXBuildFile; fileRef = 68BF1BCA0D79C5DB0095B772 /* MainMenu.xib */; };
		68BF1BF50D79C7350095B772 /* OpenGL.framework in Frameworks */ = {isa = PBXBuildFile; fileRef = 68BF1BF40D79C7350095B772 /* OpenGL.framework */; };
		68BF1C1A0D79CC900095B772 /* CocoaWindow.mm in Sources */ = {isa = PBXBuildFile; fileRef = 68BF1C190D79CC900095B772 /* CocoaWindow.mm */; };
		68C25C9F0D7B68190065C27A /* ATools.c in Sources */ = {isa = PBXBuildFile; fileRef = 68C25C9E0D7B68190065C27A /* ATools.c */; };
		8D11072B0486CEB800E47090 /* InfoPlist.strings in Resources */ = {isa = PBXBuildFile; fileRef = 089C165CFE840E0CC02AAC07 /* InfoPlist.strings */; };
		8D11072D0486CEB800E47090 /* main.m in Sources */ = {isa = PBXBuildFile; fileRef = 29B97316FDCFA39411CA2CEA /* main.m */; settings = {ATTRIBUTES = (); }; };
		8D11072F0486CEB800E47090 /* Cocoa.framework in Frameworks */ = {isa = PBXBuildFile; fileRef = 1058C7A1FEA54F0111CA2CBB /* Cocoa.framework */; };
/* End PBXBuildFile section */

/* Begin PBXFileReference section */
		089C165DFE840E0CC02AAC07 /* English */ = {isa = PBXFileReference; fileEncoding = 4; lastKnownFileType = text.plist.strings; name = English; path = English.lproj/InfoPlist.strings; sourceTree = "<group>"; };
		1058C7A1FEA54F0111CA2CBB /* Cocoa.framework */ = {isa = PBXFileReference; lastKnownFileType = wrapper.framework; name = Cocoa.framework; path = /System/Library/Frameworks/Cocoa.framework; sourceTree = "<absolute>"; };
		13E42FB307B3F0F600E4EEF1 /* CoreData.framework */ = {isa = PBXFileReference; lastKnownFileType = wrapper.framework; name = CoreData.framework; path = /System/Library/Frameworks/CoreData.framework; sourceTree = "<absolute>"; };
		29B97316FDCFA39411CA2CEA /* main.m */ = {isa = PBXFileReference; fileEncoding = 4; lastKnownFileType = sourcecode.c.objc; path = main.m; sourceTree = "<group>"; };
		29B97324FDCFA39411CA2CEA /* AppKit.framework */ = {isa = PBXFileReference; lastKnownFileType = wrapper.framework; name = AppKit.framework; path = /System/Library/Frameworks/AppKit.framework; sourceTree = "<absolute>"; };
		29B97325FDCFA39411CA2CEA /* Foundation.framework */ = {isa = PBXFileReference; lastKnownFileType = wrapper.framework; name = Foundation.framework; path = /System/Library/Frameworks/Foundation.framework; sourceTree = "<absolute>"; };
		32CA4F630368D1EE00C91783 /* Acinonyx_Prefix.pch */ = {isa = PBXFileReference; fileEncoding = 4; lastKnownFileType = sourcecode.c.h; path = Acinonyx_Prefix.pch; sourceTree = "<group>"; };
		6822964B0FFC0EFC00223DB8 /* AWin32Window.h */ = {isa = PBXFileReference; fileEncoding = 4; lastKnownFileType = sourcecode.c.h; path = AWin32Window.h; sourceTree = "<group>"; };
		682296630FFC158100223DB8 /* AWin32Window.cpp */ = {isa = PBXFileReference; fileEncoding = 4; lastKnownFileType = sourcecode.cpp.cpp; path = AWin32Window.cpp; sourceTree = "<group>"; };
		68249C630FC1C2FD009EAA6B /* AGLUTWindow.cpp */ = {isa = PBXFileReference; fileEncoding = 4; lastKnownFileType = sourcecode.cpp.cpp; path = AGLUTWindow.cpp; sourceTree = "<group>"; };
		68249C640FC1C2FD009EAA6B /* AGLUTWindow.h */ = {isa = PBXFileReference; fileEncoding = 4; lastKnownFileType = sourcecode.c.h; path = AGLUTWindow.h; sourceTree = "<group>"; };
		682DC6030FF1403F00E8F17C /* AHistogram.h */ = {isa = PBXFileReference; fileEncoding = 4; lastKnownFileType = sourcecode.c.h; path = AHistogram.h; sourceTree = "<group>"; };
		682DC9220FF26BAA00E8F17C /* ALinearProjection.h */ = {isa = PBXFileReference; fileEncoding = 4; lastKnownFileType = sourcecode.c.h; path = ALinearProjection.h; sourceTree = "<group>"; };
		682DC9F30FF3A73400E8F17C /* RValueHolder.h */ = {isa = PBXFileReference; fileEncoding = 4; lastKnownFileType = sourcecode.c.h; path = RValueHolder.h; sourceTree = "<group>"; };
		682DCBB80FFAAA9E00E8F17C /* RGrDevice.cpp */ = {isa = PBXFileReference; fileEncoding = 4; lastKnownFileType = sourcecode.cpp.cpp; path = RGrDevice.cpp; sourceTree = "<group>"; };
		682F02510FCACEFE00A2227E /* ABasicPrimitives.h */ = {isa = PBXFileReference; fileEncoding = 4; lastKnownFileType = sourcecode.c.h; path = ABasicPrimitives.h; sourceTree = "<group>"; };
		682F031C0FCC2D2300A2227E /* ARVector.h */ = {isa = PBXFileReference; fileEncoding = 4; lastKnownFileType = sourcecode.c.h; path = ARVector.h; sourceTree = "<group>"; };
		687A31E30FAA6DF600EAF459 /* RObject.h */ = {isa = PBXFileReference; fileEncoding = 4; lastKnownFileType = sourcecode.c.h; path = RObject.h; sourceTree = "<group>"; };
		687A31ED0FAA71D500EAF459 /* R.framework */ = {isa = PBXFileReference; lastKnownFileType = wrapper.framework; name = R.framework; path = /Library/Frameworks/R.framework; sourceTree = "<absolute>"; };
		687CA1480FAF346B00D249DB /* ANotfier.h */ = {isa = PBXFileReference; fileEncoding = 4; lastKnownFileType = sourcecode.c.h; path = ANotfier.h; sourceTree = "<group>"; };
		687CA1540FAF3B5C00D249DB /* AMarker.h */ = {isa = PBXFileReference; fileEncoding = 4; lastKnownFileType = sourcecode.c.h; path = AMarker.h; sourceTree = "<group>"; };
		687CA1570FAF42E900D249DB /* ADataVector.h */ = {isa = PBXFileReference; fileEncoding = 4; lastKnownFileType = sourcecode.c.h; path = ADataVector.h; sourceTree = "<group>"; };
		687CA2300FB0264700D249DB /* REngine.h */ = {isa = PBXFileReference; fileEncoding = 4; lastKnownFileType = sourcecode.c.h; path = REngine.h; sourceTree = "<group>"; };
		687CA2570FB06D7E00D249DB /* REngine.cpp */ = {isa = PBXFileReference; fileEncoding = 4; lastKnownFileType = sourcecode.cpp.cpp; path = REngine.cpp; sourceTree = "<group>"; };
		687CA2DD0FB0762900D249DB /* AStack.h */ = {isa = PBXFileReference; fileEncoding = 4; lastKnownFileType = sourcecode.c.h; path = AStack.h; sourceTree = "<group>"; };
		687CA3B80FB1D11000D249DB /* AParallelCoordPlot.h */ = {isa = PBXFileReference; fileEncoding = 4; lastKnownFileType = sourcecode.c.h; path = AParallelCoordPlot.h; sourceTree = "<group>"; };
		687CA53D0FB447EC00D249DB /* AStatVisual.h */ = {isa = PBXFileReference; fileEncoding = 4; lastKnownFileType = sourcecode.c.h; path = AStatVisual.h; sourceTree = "<group>"; };
		687CA56B0FBA12FB00D249DB /* ABarChart.h */ = {isa = PBXFileReference; fileEncoding = 4; lastKnownFileType = sourcecode.c.h; path = ABarChart.h; sourceTree = "<group>"; };
		687EE55B0D79D281003E56F9 /* AContainer.h */ = {isa = PBXFileReference; fileEncoding = 4; lastKnownFileType = sourcecode.c.h; path = AContainer.h; sourceTree = "<group>"; };
		687EE55C0D79D281003E56F9 /* AContainer.cpp */ = {isa = PBXFileReference; fileEncoding = 4; lastKnownFileType = sourcecode.cpp.cpp; path = AContainer.cpp; sourceTree = "<group>"; };
		687EE55E0D79D319003E56F9 /* AObject.h */ = {isa = PBXFileReference; fileEncoding = 4; lastKnownFileType = sourcecode.c.h; path = AObject.h; sourceTree = "<group>"; };
		687EE5950D79DFAF003E56F9 /* AVisual.h */ = {isa = PBXFileReference; fileEncoding = 4; lastKnownFileType = sourcecode.c.h; path = AVisual.h; sourceTree = "<group>"; };
		687EE6720D7A485B003E56F9 /* AObject.cpp */ = {isa = PBXFileReference; fileEncoding = 4; lastKnownFileType = sourcecode.cpp.cpp; path = AObject.cpp; sourceTree = "<group>"; };
		687EE6900D7B0FAB003E56F9 /* ARenderer.h */ = {isa = PBXFileReference; fileEncoding = 4; lastKnownFileType = sourcecode.c.h; path = ARenderer.h; sourceTree = "<group>"; };
		688A31970FC16E7B00532F79 /* RCalls.h */ = {isa = PBXFileReference; fileEncoding = 4; lastKnownFileType = sourcecode.c.h; path = RCalls.h; sourceTree = "<group>"; };
		688A31980FC16E7B00532F79 /* RCalls.cpp */ = {isa = PBXFileReference; fileEncoding = 4; lastKnownFileType = sourcecode.cpp.cpp; path = RCalls.cpp; sourceTree = "<group>"; };
		689250C30F2A25CB00842A4B /* GLString.h */ = {isa = PBXFileReference; fileEncoding = 4; lastKnownFileType = sourcecode.c.h; path = GLString.h; sourceTree = "<group>"; };
		689250C40F2A25CB00842A4B /* GLString.m */ = {isa = PBXFileReference; fileEncoding = 4; lastKnownFileType = sourcecode.c.objc; path = GLString.m; sourceTree = "<group>"; };
		68A1231511D3E09600306B88 /* AColorMap.h */ = {isa = PBXFileReference; fileEncoding = 4; lastKnownFileType = sourcecode.c.h; path = AColorMap.h; sourceTree = "<group>"; };
		68A251960D7DE72800007CBD /* AScale.h */ = {isa = PBXFileReference; fileEncoding = 4; lastKnownFileType = sourcecode.c.h; path = AScale.h; sourceTree = "<group>"; };
		68A251970D7DE73300007CBD /* APlot.h */ = {isa = PBXFileReference; fileEncoding = 4; lastKnownFileType = sourcecode.c.h; path = APlot.h; sourceTree = "<group>"; };
		68A251980D7DEE9700007CBD /* AVisualPrimitive.h */ = {isa = PBXFileReference; fileEncoding = 4; lastKnownFileType = sourcecode.c.h; path = AVisualPrimitive.h; sourceTree = "<group>"; };
		68A251990D7DF2BA00007CBD /* AAxis.h */ = {isa = PBXFileReference; fileEncoding = 4; lastKnownFileType = sourcecode.c.h; path = AAxis.h; sourceTree = "<group>"; };
		68A2519A0D7DF62600007CBD /* AScatterPlot.h */ = {isa = PBXFileReference; fileEncoding = 4; lastKnownFileType = sourcecode.c.h; path = AScatterPlot.h; sourceTree = "<group>"; };
		68BF1BC10D79C43A0095B772 /* CocoaApp.h */ = {isa = PBXFileReference; fileEncoding = 4; lastKnownFileType = sourcecode.c.h; path = CocoaApp.h; sourceTree = "<group>"; };
		68BF1BC20D79C43A0095B772 /* CocoaApp.mm */ = {isa = PBXFileReference; fileEncoding = 4; lastKnownFileType = sourcecode.cpp.objcpp; path = CocoaApp.mm; sourceTree = "<group>"; };
		68BF1BC30D79C43A0095B772 /* CocoaView.h */ = {isa = PBXFileReference; fileEncoding = 4; lastKnownFileType = sourcecode.c.h; path = CocoaView.h; sourceTree = "<group>"; };
		68BF1BC40D79C43A0095B772 /* CocoaView.mm */ = {isa = PBXFileReference; fileEncoding = 4; lastKnownFileType = sourcecode.cpp.objcpp; path = CocoaView.mm; sourceTree = "<group>"; };
		68BF1BCB0D79C5DB0095B772 /* English */ = {isa = PBXFileReference; lastKnownFileType = file.xib; name = English; path = English.lproj/MainMenu.xib; sourceTree = "<group>"; };
		68BF1BF40D79C7350095B772 /* OpenGL.framework */ = {isa = PBXFileReference; lastKnownFileType = wrapper.framework; name = OpenGL.framework; path = System/Library/Frameworks/OpenGL.framework; sourceTree = SDKROOT; };
		68BF1C180D79CC900095B772 /* CocoaWindow.h */ = {isa = PBXFileReference; fileEncoding = 4; lastKnownFileType = sourcecode.c.h; path = CocoaWindow.h; sourceTree = "<group>"; };
		68BF1C190D79CC900095B772 /* CocoaWindow.mm */ = {isa = PBXFileReference; fileEncoding = 4; lastKnownFileType = sourcecode.cpp.objcpp; path = CocoaWindow.mm; sourceTree = "<group>"; };
		68BF1C230D79CD770095B772 /* ATypes.h */ = {isa = PBXFileReference; fileEncoding = 4; lastKnownFileType = sourcecode.c.h; path = ATypes.h; sourceTree = "<group>"; };
		68BF1C240D79CD770095B772 /* AWindow.h */ = {isa = PBXFileReference; fileEncoding = 4; lastKnownFileType = sourcecode.c.h; path = AWindow.h; sourceTree = "<group>"; };
		68C25C9B0D7B5A020065C27A /* AValue.h */ = {isa = PBXFileReference; fileEncoding = 4; lastKnownFileType = sourcecode.c.h; path = AValue.h; sourceTree = "<group>"; };
		68C25C9C0D7B5E3F0065C27A /* AVector.h */ = {isa = PBXFileReference; fileEncoding = 4; lastKnownFileType = sourcecode.c.h; path = AVector.h; sourceTree = "<group>"; };
		68C25C9D0D7B68190065C27A /* ATools.h */ = {isa = PBXFileReference; fileEncoding = 4; lastKnownFileType = sourcecode.c.h; path = ATools.h; sourceTree = "<group>"; };
		68C25C9E0D7B68190065C27A /* ATools.c */ = {isa = PBXFileReference; fileEncoding = 4; lastKnownFileType = sourcecode.c.c; path = ATools.c; sourceTree = "<group>"; };
		68DED9C70FFD729C00C1DB43 /* AQuery.h */ = {isa = PBXFileReference; fileEncoding = 4; lastKnownFileType = sourcecode.c.h; path = AQuery.h; sourceTree = "<group>"; };
		8D1107310486CEB800E47090 /* Info.plist */ = {isa = PBXFileReference; fileEncoding = 4; lastKnownFileType = text.plist.xml; path = Info.plist; sourceTree = "<group>"; };
		8D1107320486CEB800E47090 /* Acinonyx.app */ = {isa = PBXFileReference; explicitFileType = wrapper.application; includeInIndex = 0; path = Acinonyx.app; sourceTree = BUILT_PRODUCTS_DIR; };
		E214E8E211BEBE37002E6540 /* ATimeSeriesPlot.h */ = {isa = PBXFileReference; fileEncoding = 4; lastKnownFileType = sourcecode.c.h; path = ATimeSeriesPlot.h; sourceTree = "<group>"; };
/* End PBXFileReference section */

/* Begin PBXFrameworksBuildPhase section */
		8D11072E0486CEB800E47090 /* Frameworks */ = {
			isa = PBXFrameworksBuildPhase;
			buildActionMask = 2147483647;
			files = (
				8D11072F0486CEB800E47090 /* Cocoa.framework in Frameworks */,
				68BF1BF50D79C7350095B772 /* OpenGL.framework in Frameworks */,
				687A31EE0FAA71D500EAF459 /* R.framework in Frameworks */,
			);
			runOnlyForDeploymentPostprocessing = 0;
		};
/* End PBXFrameworksBuildPhase section */

/* Begin PBXGroup section */
		1058C7A0FEA54F0111CA2CBB /* Linked Frameworks */ = {
			isa = PBXGroup;
			children = (
				687A31ED0FAA71D500EAF459 /* R.framework */,
				68BF1BF40D79C7350095B772 /* OpenGL.framework */,
				1058C7A1FEA54F0111CA2CBB /* Cocoa.framework */,
			);
			name = "Linked Frameworks";
			sourceTree = "<group>";
		};
		1058C7A2FEA54F0111CA2CBB /* Other Frameworks */ = {
			isa = PBXGroup;
			children = (
				29B97324FDCFA39411CA2CEA /* AppKit.framework */,
				13E42FB307B3F0F600E4EEF1 /* CoreData.framework */,
				29B97325FDCFA39411CA2CEA /* Foundation.framework */,
			);
			name = "Other Frameworks";
			sourceTree = "<group>";
		};
		19C28FACFE9D520D11CA2CBB /* Products */ = {
			isa = PBXGroup;
			children = (
				8D1107320486CEB800E47090 /* Acinonyx.app */,
			);
			name = Products;
			sourceTree = "<group>";
		};
		29B97314FDCFA39411CA2CEA /* Acinonyx */ = {
			isa = PBXGroup;
			children = (
				68BF1C220D79CD440095B772 /* Acinonyx */,
				29B97315FDCFA39411CA2CEA /* Cocoa */,
				682296480FFC0EE000223DB8 /* Win32 */,
				29B97317FDCFA39411CA2CEA /* Resources */,
				29B97323FDCFA39411CA2CEA /* Frameworks */,
				19C28FACFE9D520D11CA2CBB /* Products */,
			);
			name = Acinonyx;
			sourceTree = "<group>";
		};
		29B97315FDCFA39411CA2CEA /* Cocoa */ = {
			isa = PBXGroup;
			children = (
				689250C30F2A25CB00842A4B /* GLString.h */,
				689250C40F2A25CB00842A4B /* GLString.m */,
				68BF1BC10D79C43A0095B772 /* CocoaApp.h */,
				68BF1BC20D79C43A0095B772 /* CocoaApp.mm */,
				68BF1BC30D79C43A0095B772 /* CocoaView.h */,
				68BF1BC40D79C43A0095B772 /* CocoaView.mm */,
				68BF1C180D79CC900095B772 /* CocoaWindow.h */,
				68BF1C190D79CC900095B772 /* CocoaWindow.mm */,
				32CA4F630368D1EE00C91783 /* Acinonyx_Prefix.pch */,
				29B97316FDCFA39411CA2CEA /* main.m */,
			);
			path = Cocoa;
			sourceTree = "<group>";
		};
		29B97317FDCFA39411CA2CEA /* Resources */ = {
			isa = PBXGroup;
			children = (
				8D1107310486CEB800E47090 /* Info.plist */,
				089C165CFE840E0CC02AAC07 /* InfoPlist.strings */,
				68BF1BCA0D79C5DB0095B772 /* MainMenu.xib */,
			);
			name = Resources;
			path = Cocoa/Resources;
			sourceTree = "<group>";
		};
		29B97323FDCFA39411CA2CEA /* Frameworks */ = {
			isa = PBXGroup;
			children = (
				1058C7A0FEA54F0111CA2CBB /* Linked Frameworks */,
				1058C7A2FEA54F0111CA2CBB /* Other Frameworks */,
			);
			name = Frameworks;
			sourceTree = "<group>";
		};
		682296480FFC0EE000223DB8 /* Win32 */ = {
			isa = PBXGroup;
			children = (
				6822964B0FFC0EFC00223DB8 /* AWin32Window.h */,
				682296630FFC158100223DB8 /* AWin32Window.cpp */,
			);
			path = Win32;
			sourceTree = "<group>";
		};
		687A31E00FAA6DC800EAF459 /* RIF */ = {
			isa = PBXGroup;
			children = (
				682DCBB80FFAAA9E00E8F17C /* RGrDevice.cpp */,
				687A31E30FAA6DF600EAF459 /* RObject.h */,
				687CA2300FB0264700D249DB /* REngine.h */,
				687CA2570FB06D7E00D249DB /* REngine.cpp */,
				688A31970FC16E7B00532F79 /* RCalls.h */,
				688A31980FC16E7B00532F79 /* RCalls.cpp */,
				682DC9F30FF3A73400E8F17C /* RValueHolder.h */,
			);
			path = RIF;
			sourceTree = "<group>";
		};
		687CA1440FAF0F1100D249DB /* Plots */ = {
			isa = PBXGroup;
			children = (
				68A2519A0D7DF62600007CBD /* AScatterPlot.h */,
				E214E8E211BEBE37002E6540 /* ATimeSeriesPlot.h */,
				687CA3B80FB1D11000D249DB /* AParallelCoordPlot.h */,
				687CA56B0FBA12FB00D249DB /* ABarChart.h */,
				682DC6030FF1403F00E8F17C /* AHistogram.h */,
			);
			name = Plots;
			sourceTree = "<group>";
		};
		687CA53A0FB447DA00D249DB /* StatVis */ = {
			isa = PBXGroup;
			children = (
				687CA53D0FB447EC00D249DB /* AStatVisual.h */,
			);
			name = StatVis;
			sourceTree = "<group>";
		};
		688A321E0FC1AFF100532F79 /* GLUT */ = {
			isa = PBXGroup;
			children = (
				68249C630FC1C2FD009EAA6B /* AGLUTWindow.cpp */,
				68249C640FC1C2FD009EAA6B /* AGLUTWindow.h */,
			);
			path = GLUT;
			sourceTree = SOURCE_ROOT;
		};
		68BF1C220D79CD440095B772 /* Acinonyx */ = {
			isa = PBXGroup;
			children = (
				688A321E0FC1AFF100532F79 /* GLUT */,
				687CA53A0FB447DA00D249DB /* StatVis */,
				687CA1440FAF0F1100D249DB /* Plots */,
				687A31E00FAA6DC800EAF459 /* RIF */,
				68BF1C230D79CD770095B772 /* ATypes.h */,
				68BF1C240D79CD770095B772 /* AWindow.h */,
				687EE55B0D79D281003E56F9 /* AContainer.h */,
				687EE55C0D79D281003E56F9 /* AContainer.cpp */,
				687EE55E0D79D319003E56F9 /* AObject.h */,
				687EE6720D7A485B003E56F9 /* AObject.cpp */,
				687EE5950D79DFAF003E56F9 /* AVisual.h */,
				687EE6900D7B0FAB003E56F9 /* ARenderer.h */,
				68C25C9B0D7B5A020065C27A /* AValue.h */,
				68C25C9C0D7B5E3F0065C27A /* AVector.h */,
				687CA1570FAF42E900D249DB /* ADataVector.h */,
				682F031C0FCC2D2300A2227E /* ARVector.h */,
				68C25C9D0D7B68190065C27A /* ATools.h */,
				68C25C9E0D7B68190065C27A /* ATools.c */,
				68A251960D7DE72800007CBD /* AScale.h */,
				68A251970D7DE73300007CBD /* APlot.h */,
				68A251990D7DF2BA00007CBD /* AAxis.h */,
				687CA1480FAF346B00D249DB /* ANotfier.h */,
				687CA1540FAF3B5C00D249DB /* AMarker.h */,
				687CA2DD0FB0762900D249DB /* AStack.h */,
				68A251980D7DEE9700007CBD /* AVisualPrimitive.h */,
				682F02510FCACEFE00A2227E /* ABasicPrimitives.h */,
				682DC9220FF26BAA00E8F17C /* ALinearProjection.h */,
				68DED9C70FFD729C00C1DB43 /* AQuery.h */,
				68A1231511D3E09600306B88 /* AColorMap.h */,
			);
			path = Acinonyx;
			sourceTree = "<group>";
		};
/* End PBXGroup section */

/* Begin PBXNativeTarget section */
		8D1107260486CEB800E47090 /* Acinonyx */ = {
			isa = PBXNativeTarget;
			buildConfigurationList = C01FCF4A08A954540054247B /* Build configuration list for PBXNativeTarget "Acinonyx" */;
			buildPhases = (
				8D1107290486CEB800E47090 /* Resources */,
				8D11072C0486CEB800E47090 /* Sources */,
				8D11072E0486CEB800E47090 /* Frameworks */,
			);
			buildRules = (
			);
			dependencies = (
			);
			name = Acinonyx;
			productInstallPath = "$(HOME)/Applications";
			productName = Acinonyx;
			productReference = 8D1107320486CEB800E47090 /* Acinonyx.app */;
			productType = "com.apple.product-type.application";
		};
/* End PBXNativeTarget section */

/* Begin PBXProject section */
		29B97313FDCFA39411CA2CEA /* Project object */ = {
			isa = PBXProject;
			buildConfigurationList = C01FCF4E08A954540054247B /* Build configuration list for PBXProject "Acinonyx" */;
			compatibilityVersion = "Xcode 3.0";
			hasScannedForEncodings = 1;
			mainGroup = 29B97314FDCFA39411CA2CEA /* Acinonyx */;
			projectDirPath = "";
			projectRoot = "";
			targets = (
				8D1107260486CEB800E47090 /* Acinonyx */,
			);
		};
/* End PBXProject section */

/* Begin PBXResourcesBuildPhase section */
		8D1107290486CEB800E47090 /* Resources */ = {
			isa = PBXResourcesBuildPhase;
			buildActionMask = 2147483647;
			files = (
				8D11072B0486CEB800E47090 /* InfoPlist.strings in Resources */,
				68BF1BCC0D79C5DB0095B772 /* MainMenu.xib in Resources */,
			);
			runOnlyForDeploymentPostprocessing = 0;
		};
/* End PBXResourcesBuildPhase section */

/* Begin PBXSourcesBuildPhase section */
		8D11072C0486CEB800E47090 /* Sources */ = {
			isa = PBXSourcesBuildPhase;
			buildActionMask = 2147483647;
			files = (
				8D11072D0486CEB800E47090 /* main.m in Sources */,
				68BF1BC50D79C43A0095B772 /* CocoaApp.mm in Sources */,
				68BF1BC60D79C43A0095B772 /* CocoaView.mm in Sources */,
				68BF1C1A0D79CC900095B772 /* CocoaWindow.mm in Sources */,
				687EE55D0D79D281003E56F9 /* AContainer.cpp in Sources */,
				687EE6730D7A485B003E56F9 /* AObject.cpp in Sources */,
				68C25C9F0D7B68190065C27A /* ATools.c in Sources */,
				689250C50F2A25CB00842A4B /* GLString.m in Sources */,
				687CA2580FB06D7E00D249DB /* REngine.cpp in Sources */,
				688A31990FC16E7B00532F79 /* RCalls.cpp in Sources */,
				682DCBB90FFAAA9E00E8F17C /* RGrDevice.cpp in Sources */,
				682296640FFC158100223DB8 /* AWin32Window.cpp in Sources */,
			);
			runOnlyForDeploymentPostprocessing = 0;
		};
/* End PBXSourcesBuildPhase section */

/* Begin PBXVariantGroup section */
		089C165CFE840E0CC02AAC07 /* InfoPlist.strings */ = {
			isa = PBXVariantGroup;
			children = (
				089C165DFE840E0CC02AAC07 /* English */,
			);
			name = InfoPlist.strings;
			sourceTree = "<group>";
		};
		68BF1BCA0D79C5DB0095B772 /* MainMenu.xib */ = {
			isa = PBXVariantGroup;
			children = (
				68BF1BCB0D79C5DB0095B772 /* English */,
			);
			name = MainMenu.xib;
			sourceTree = "<group>";
		};
/* End PBXVariantGroup section */

/* Begin XCBuildConfiguration section */
		68F031590FBC19CF006B6580 /* Profile */ = {
			isa = XCBuildConfiguration;
			buildSettings = {
				ARCHS = (
					ppc,
					i386,
				);
				GCC_PREPROCESSOR_DEFINITIONS = PROFILE;
				GCC_WARN_ABOUT_RETURN_TYPE = YES;
				GCC_WARN_UNUSED_VARIABLE = YES;
				HEADER_SEARCH_PATHS = /Library/Frameworks/R.framework/Headers;
				PREBINDING = NO;
				SDKROOT = "$(DEVELOPER_SDK_DIR)/MacOSX10.5.sdk";
			};
			name = Profile;
		};
		68F0315A0FBC19CF006B6580 /* Profile */ = {
			isa = XCBuildConfiguration;
			buildSettings = {
				DEBUG_INFORMATION_FORMAT = "dwarf-with-dsym";
				GCC_MODEL_TUNING = G5;
				GCC_PRECOMPILE_PREFIX_HEADER = YES;
				GCC_PREFIX_HEADER = Cocoa/Acinonyx_Prefix.pch;
				INFOPLIST_FILE = Cocoa/Resources/Info.plist;
				INSTALL_PATH = "$(HOME)/Applications";
				PRODUCT_NAME = Acinonyx;
				WRAPPER_EXTENSION = app;
			};
			name = Profile;
		};
		C01FCF4B08A954540054247B /* Debug */ = {
			isa = XCBuildConfiguration;
			buildSettings = {
				COPY_PHASE_STRIP = NO;
				GCC_DYNAMIC_NO_PIC = NO;
				GCC_ENABLE_FIX_AND_CONTINUE = YES;
				GCC_MODEL_TUNING = G5;
				GCC_OPTIMIZATION_LEVEL = 0;
				GCC_PRECOMPILE_PREFIX_HEADER = YES;
				GCC_PREFIX_HEADER = Cocoa/Acinonyx_Prefix.pch;
				GCC_PREPROCESSOR_DEFINITIONS = (
					PFA,
					DEBUG,
					PROFILE,
					EDEBUG,
					ODEBUG,
				);
				INFOPLIST_FILE = Cocoa/Resources/Info.plist;
				INSTALL_PATH = "$(HOME)/Applications";
				PRODUCT_NAME = Acinonyx;
				WRAPPER_EXTENSION = app;
				ZERO_LINK = YES;
			};
			name = Debug;
		};
		C01FCF4C08A954540054247B /* Release */ = {
			isa = XCBuildConfiguration;
			buildSettings = {
				DEBUG_INFORMATION_FORMAT = "dwarf-with-dsym";
				GCC_MODEL_TUNING = G5;
				GCC_PRECOMPILE_PREFIX_HEADER = YES;
				GCC_PREFIX_HEADER = Cocoa/Acinonyx_Prefix.pch;
				INFOPLIST_FILE = Cocoa/Resources/Info.plist;
				INSTALL_PATH = "$(HOME)/Applications";
				PRODUCT_NAME = Acinonyx;
				WRAPPER_EXTENSION = app;
			};
			name = Release;
		};
		C01FCF4F08A954540054247B /* Debug */ = {
			isa = XCBuildConfiguration;
			buildSettings = {
				COPY_PHASE_STRIP = NO;
				GCC_OPTIMIZATION_LEVEL = 0;
				GCC_WARN_ABOUT_RETURN_TYPE = YES;
				GCC_WARN_UNUSED_VARIABLE = YES;
				HEADER_SEARCH_PATHS = /Library/Frameworks/R.framework/Headers;
				PREBINDING = NO;
				SDKROOT = "$(DEVELOPER_SDK_DIR)/MacOSX10.5.sdk";
				STRIP_INSTALLED_PRODUCT = NO;
			};
			name = Debug;
		};
		C01FCF5008A954540054247B /* Release */ = {
			isa = XCBuildConfiguration;
			buildSettings = {
				ARCHS = (
					ppc,
					i386,
				);
				GCC_WARN_ABOUT_RETURN_TYPE = YES;
				GCC_WARN_UNUSED_VARIABLE = YES;
				HEADER_SEARCH_PATHS = /Library/Frameworks/R.framework/Headers;
				PREBINDING = NO;
				SDKROOT = "$(DEVELOPER_SDK_DIR)/MacOSX10.5.sdk";
			};
			name = Release;
		};
/* End XCBuildConfiguration section */

/* Begin XCConfigurationList section */
		C01FCF4A08A954540054247B /* Build configuration list for PBXNativeTarget "Acinonyx" */ = {
			isa = XCConfigurationList;
			buildConfigurations = (
				C01FCF4B08A954540054247B /* Debug */,
				C01FCF4C08A954540054247B /* Release */,
				68F0315A0FBC19CF006B6580 /* Profile */,
			);
			defaultConfigurationIsVisible = 0;
			defaultConfigurationName = Release;
		};
		C01FCF4E08A954540054247B /* Build configuration list for PBXProject "Acinonyx" */ = {
			isa = XCConfigurationList;
			buildConfigurations = (
				C01FCF4F08A954540054247B /* Debug */,
				C01FCF5008A954540054247B /* Release */,
				68F031590FBC19CF006B6580 /* Profile */,
			);
			defaultConfigurationIsVisible = 0;
			defaultConfigurationName = Release;
		};
/* End XCConfigurationList section */
	};
	rootObject = 29B97313FDCFA39411CA2CEA /* Project object */;
}
